// !$*UTF8*$!
{
	archiveVersion = 1;
	classes = {
	};
	objectVersion = 46;
	objects = {

/* Begin PBXBuildFile section */
		2FA471EA1C76E43B00E7C20A /* main.m in Sources */ = {isa = PBXBuildFile; fileRef = 2FA471E91C76E43B00E7C20A /* main.m */; };
		2FA471ED1C76E43B00E7C20A /* AppDelegate.m in Sources */ = {isa = PBXBuildFile; fileRef = 2FA471EC1C76E43B00E7C20A /* AppDelegate.m */; };
		2FA471F01C76E43B00E7C20A /* HypnoNerd.xcdatamodeld in Sources */ = {isa = PBXBuildFile; fileRef = 2FA471EE1C76E43B00E7C20A /* HypnoNerd.xcdatamodeld */; };
		2FA471F81C76E43B00E7C20A /* Images.xcassets in Resources */ = {isa = PBXBuildFile; fileRef = 2FA471F71C76E43B00E7C20A /* Images.xcassets */; };
		2FA472071C76E43C00E7C20A /* HypnoNerdTests.m in Sources */ = {isa = PBXBuildFile; fileRef = 2FA472061C76E43C00E7C20A /* HypnoNerdTests.m */; };
		2FA472171C76E4C200E7C20A /* BNRItem.m in Sources */ = {isa = PBXBuildFile; fileRef = 2FA472141C76E4C200E7C20A /* BNRItem.m */; };
		2FA472181C76E4C200E7C20A /* BNRHypnosisView.m in Sources */ = {isa = PBXBuildFile; fileRef = 2FA472161C76E4C200E7C20A /* BNRHypnosisView.m */; };
		2FA472211C76E50500E7C20A /* BNRHypnosisViewController.m in Sources */ = {isa = PBXBuildFile; fileRef = 2FA472201C76E50500E7C20A /* BNRHypnosisViewController.m */; };
		2FA472241C76E64F00E7C20A /* BNRReminderViewController.m in Sources */ = {isa = PBXBuildFile; fileRef = 2FA472231C76E64F00E7C20A /* BNRReminderViewController.m */; };
		2FA472261C76E6D200E7C20A /* BNRReminderViewController.xib in Resources */ = {isa = PBXBuildFile; fileRef = 2FA472251C76E6D200E7C20A /* BNRReminderViewController.xib */; };
		2FA4722A1C76EC1F00E7C20A /* Hypno.png in Resources */ = {isa = PBXBuildFile; fileRef = 2FA472271C76EC1F00E7C20A /* Hypno.png */; };
		2FA4722B1C76EC1F00E7C20A /* Hypno@2x.png in Resources */ = {isa = PBXBuildFile; fileRef = 2FA472281C76EC1F00E7C20A /* Hypno@2x.png */; };
		2FA4722C1C76EC1F00E7C20A /* Time.png in Resources */ = {isa = PBXBuildFile; fileRef = 2FA472291C76EC1F00E7C20A /* Time.png */; };
/* End PBXBuildFile section */

/* Begin PBXContainerItemProxy section */
		2FA472011C76E43C00E7C20A /* PBXContainerItemProxy */ = {
			isa = PBXContainerItemProxy;
			containerPortal = 2FA471DC1C76E43B00E7C20A /* Project object */;
			proxyType = 1;
			remoteGlobalIDString = 2FA471E31C76E43B00E7C20A;
			remoteInfo = HypnoNerd;
		};
/* End PBXContainerItemProxy section */

/* Begin PBXFileReference section */
		2FA471E41C76E43B00E7C20A /* HypnoNerd.app */ = {isa = PBXFileReference; explicitFileType = wrapper.application; includeInIndex = 0; path = HypnoNerd.app; sourceTree = BUILT_PRODUCTS_DIR; };
		2FA471E81C76E43B00E7C20A /* Info.plist */ = {isa = PBXFileReference; lastKnownFileType = text.plist.xml; path = Info.plist; sourceTree = "<group>"; };
		2FA471E91C76E43B00E7C20A /* main.m */ = {isa = PBXFileReference; lastKnownFileType = sourcecode.c.objc; path = main.m; sourceTree = "<group>"; };
		2FA471EB1C76E43B00E7C20A /* AppDelegate.h */ = {isa = PBXFileReference; lastKnownFileType = sourcecode.c.h; path = AppDelegate.h; sourceTree = "<group>"; };
		2FA471EC1C76E43B00E7C20A /* AppDelegate.m */ = {isa = PBXFileReference; lastKnownFileType = sourcecode.c.objc; path = AppDelegate.m; sourceTree = "<group>"; };
		2FA471EF1C76E43B00E7C20A /* HypnoNerd.xcdatamodel */ = {isa = PBXFileReference; lastKnownFileType = wrapper.xcdatamodel; path = HypnoNerd.xcdatamodel; sourceTree = "<group>"; };
		2FA471F71C76E43B00E7C20A /* Images.xcassets */ = {isa = PBXFileReference; lastKnownFileType = folder.assetcatalog; path = Images.xcassets; sourceTree = "<group>"; };
		2FA472001C76E43C00E7C20A /* HypnoNerdTests.xctest */ = {isa = PBXFileReference; explicitFileType = wrapper.cfbundle; includeInIndex = 0; path = HypnoNerdTests.xctest; sourceTree = BUILT_PRODUCTS_DIR; };
		2FA472051C76E43C00E7C20A /* Info.plist */ = {isa = PBXFileReference; lastKnownFileType = text.plist.xml; path = Info.plist; sourceTree = "<group>"; };
		2FA472061C76E43C00E7C20A /* HypnoNerdTests.m */ = {isa = PBXFileReference; lastKnownFileType = sourcecode.c.objc; path = HypnoNerdTests.m; sourceTree = "<group>"; };
		2FA472131C76E4C200E7C20A /* BNRItem.h */ = {isa = PBXFileReference; fileEncoding = 4; lastKnownFileType = sourcecode.c.h; path = BNRItem.h; sourceTree = "<group>"; };
		2FA472141C76E4C200E7C20A /* BNRItem.m */ = {isa = PBXFileReference; fileEncoding = 4; lastKnownFileType = sourcecode.c.objc; path = BNRItem.m; sourceTree = "<group>"; };
		2FA472151C76E4C200E7C20A /* BNRHypnosisView.h */ = {isa = PBXFileReference; fileEncoding = 4; lastKnownFileType = sourcecode.c.h; path = BNRHypnosisView.h; sourceTree = "<group>"; };
		2FA472161C76E4C200E7C20A /* BNRHypnosisView.m */ = {isa = PBXFileReference; fileEncoding = 4; lastKnownFileType = sourcecode.c.objc; path = BNRHypnosisView.m; sourceTree = "<group>"; };
		2FA4721F1C76E50500E7C20A /* BNRHypnosisViewController.h */ = {isa = PBXFileReference; fileEncoding = 4; lastKnownFileType = sourcecode.c.h; path = BNRHypnosisViewController.h; sourceTree = "<group>"; };
		2FA472201C76E50500E7C20A /* BNRHypnosisViewController.m */ = {isa = PBXFileReference; fileEncoding = 4; lastKnownFileType = sourcecode.c.objc; path = BNRHypnosisViewController.m; sourceTree = "<group>"; };
		2FA472221C76E64F00E7C20A /* BNRReminderViewController.h */ = {isa = PBXFileReference; fileEncoding = 4; lastKnownFileType = sourcecode.c.h; path = BNRReminderViewController.h; sourceTree = "<group>"; };
		2FA472231C76E64F00E7C20A /* BNRReminderViewController.m */ = {isa = PBXFileReference; fileEncoding = 4; lastKnownFileType = sourcecode.c.objc; path = BNRReminderViewController.m; sourceTree = "<group>"; };
		2FA472251C76E6D200E7C20A /* BNRReminderViewController.xib */ = {isa = PBXFileReference; fileEncoding = 4; lastKnownFileType = file.xib; path = BNRReminderViewController.xib; sourceTree = "<group>"; };
		2FA472271C76EC1F00E7C20A /* Hypno.png */ = {isa = PBXFileReference; lastKnownFileType = image.png; path = Hypno.png; sourceTree = "<group>"; };
		2FA472281C76EC1F00E7C20A /* Hypno@2x.png */ = {isa = PBXFileReference; lastKnownFileType = image.png; path = "Hypno@2x.png"; sourceTree = "<group>"; };
		2FA472291C76EC1F00E7C20A /* Time.png */ = {isa = PBXFileReference; lastKnownFileType = image.png; path = Time.png; sourceTree = "<group>"; };
/* End PBXFileReference section */

/* Begin PBXFrameworksBuildPhase section */
		2FA471E11C76E43B00E7C20A /* Frameworks */ = {
			isa = PBXFrameworksBuildPhase;
			buildActionMask = 2147483647;
			files = (
			);
			runOnlyForDeploymentPostprocessing = 0;
		};
		2FA471FD1C76E43C00E7C20A /* Frameworks */ = {
			isa = PBXFrameworksBuildPhase;
			buildActionMask = 2147483647;
			files = (
			);
			runOnlyForDeploymentPostprocessing = 0;
		};
/* End PBXFrameworksBuildPhase section */

/* Begin PBXGroup section */
		2FA471DB1C76E43B00E7C20A = {
			isa = PBXGroup;
			children = (
				2FA471E61C76E43B00E7C20A /* HypnoNerd */,
				2FA472031C76E43C00E7C20A /* HypnoNerdTests */,
				2FA471E51C76E43B00E7C20A /* Products */,
			);
			sourceTree = "<group>";
		};
		2FA471E51C76E43B00E7C20A /* Products */ = {
			isa = PBXGroup;
			children = (
				2FA471E41C76E43B00E7C20A /* HypnoNerd.app */,
				2FA472001C76E43C00E7C20A /* HypnoNerdTests.xctest */,
			);
			name = Products;
			sourceTree = "<group>";
		};
		2FA471E61C76E43B00E7C20A /* HypnoNerd */ = {
			isa = PBXGroup;
			children = (
				2FA471EB1C76E43B00E7C20A /* AppDelegate.h */,
				2FA471EC1C76E43B00E7C20A /* AppDelegate.m */,
				2FA472221C76E64F00E7C20A /* BNRReminderViewController.h */,
				2FA472231C76E64F00E7C20A /* BNRReminderViewController.m */,
				2FA472251C76E6D200E7C20A /* BNRReminderViewController.xib */,
				2FA472131C76E4C200E7C20A /* BNRItem.h */,
				2FA472141C76E4C200E7C20A /* BNRItem.m */,
				2FA4721F1C76E50500E7C20A /* BNRHypnosisViewController.h */,
				2FA472201C76E50500E7C20A /* BNRHypnosisViewController.m */,
				2FA472151C76E4C200E7C20A /* BNRHypnosisView.h */,
				2FA472161C76E4C200E7C20A /* BNRHypnosisView.m */,
				2FA471F71C76E43B00E7C20A /* Images.xcassets */,
				2FA471EE1C76E43B00E7C20A /* HypnoNerd.xcdatamodeld */,
				2FA471E71C76E43B00E7C20A /* Supporting Files */,
			);
			path = HypnoNerd;
			sourceTree = "<group>";
		};
		2FA471E71C76E43B00E7C20A /* Supporting Files */ = {
			isa = PBXGroup;
			children = (
				2FA472271C76EC1F00E7C20A /* Hypno.png */,
				2FA472281C76EC1F00E7C20A /* Hypno@2x.png */,
				2FA472291C76EC1F00E7C20A /* Time.png */,
				2FA471E81C76E43B00E7C20A /* Info.plist */,
				2FA471E91C76E43B00E7C20A /* main.m */,
			);
			name = "Supporting Files";
			sourceTree = "<group>";
		};
		2FA472031C76E43C00E7C20A /* HypnoNerdTests */ = {
			isa = PBXGroup;
			children = (
				2FA472061C76E43C00E7C20A /* HypnoNerdTests.m */,
				2FA472041C76E43C00E7C20A /* Supporting Files */,
			);
			path = HypnoNerdTests;
			sourceTree = "<group>";
		};
		2FA472041C76E43C00E7C20A /* Supporting Files */ = {
			isa = PBXGroup;
			children = (
				2FA472051C76E43C00E7C20A /* Info.plist */,
			);
			name = "Supporting Files";
			sourceTree = "<group>";
		};
/* End PBXGroup section */

/* Begin PBXNativeTarget section */
		2FA471E31C76E43B00E7C20A /* HypnoNerd */ = {
			isa = PBXNativeTarget;
			buildConfigurationList = 2FA4720A1C76E43C00E7C20A /* Build configuration list for PBXNativeTarget "HypnoNerd" */;
			buildPhases = (
				2FA471E01C76E43B00E7C20A /* Sources */,
				2FA471E11C76E43B00E7C20A /* Frameworks */,
				2FA471E21C76E43B00E7C20A /* Resources */,
			);
			buildRules = (
			);
			dependencies = (
			);
			name = HypnoNerd;
			productName = HypnoNerd;
			productReference = 2FA471E41C76E43B00E7C20A /* HypnoNerd.app */;
			productType = "com.apple.product-type.application";
		};
		2FA471FF1C76E43C00E7C20A /* HypnoNerdTests */ = {
			isa = PBXNativeTarget;
			buildConfigurationList = 2FA4720D1C76E43C00E7C20A /* Build configuration list for PBXNativeTarget "HypnoNerdTests" */;
			buildPhases = (
				2FA471FC1C76E43C00E7C20A /* Sources */,
				2FA471FD1C76E43C00E7C20A /* Frameworks */,
				2FA471FE1C76E43C00E7C20A /* Resources */,
			);
			buildRules = (
			);
			dependencies = (
				2FA472021C76E43C00E7C20A /* PBXTargetDependency */,
			);
			name = HypnoNerdTests;
			productName = HypnoNerdTests;
			productReference = 2FA472001C76E43C00E7C20A /* HypnoNerdTests.xctest */;
			productType = "com.apple.product-type.bundle.unit-test";
		};
/* End PBXNativeTarget section */

/* Begin PBXProject section */
		2FA471DC1C76E43B00E7C20A /* Project object */ = {
			isa = PBXProject;
			attributes = {
				LastUpgradeCheck = 0610;
				ORGANIZATIONNAME = "Big Nerd Ranch";
				TargetAttributes = {
					2FA471E31C76E43B00E7C20A = {
						CreatedOnToolsVersion = 6.1;
					};
					2FA471FF1C76E43C00E7C20A = {
						CreatedOnToolsVersion = 6.1;
						TestTargetID = 2FA471E31C76E43B00E7C20A;
					};
				};
			};
			buildConfigurationList = 2FA471DF1C76E43B00E7C20A /* Build configuration list for PBXProject "HypnoNerd" */;
			compatibilityVersion = "Xcode 3.2";
			developmentRegion = English;
			hasScannedForEncodings = 0;
			knownRegions = (
				en,
				Base,
			);
			mainGroup = 2FA471DB1C76E43B00E7C20A;
			productRefGroup = 2FA471E51C76E43B00E7C20A /* Products */;
			projectDirPath = "";
			projectRoot = "";
			targets = (
				2FA471E31C76E43B00E7C20A /* HypnoNerd */,
				2FA471FF1C76E43C00E7C20A /* HypnoNerdTests */,
			);
		};
/* End PBXProject section */

/* Begin PBXResourcesBuildPhase section */
		2FA471E21C76E43B00E7C20A /* Resources */ = {
			isa = PBXResourcesBuildPhase;
			buildActionMask = 2147483647;
			files = (
				2FA471F81C76E43B00E7C20A /* Images.xcassets in Resources */,
				2FA472261C76E6D200E7C20A /* BNRReminderViewController.xib in Resources */,
				2FA4722C1C76EC1F00E7C20A /* Time.png in Resources */,
				2FA4722A1C76EC1F00E7C20A /* Hypno.png in Resources */,
				2FA4722B1C76EC1F00E7C20A /* Hypno@2x.png in Resources */,
			);
			runOnlyForDeploymentPostprocessing = 0;
		};
		2FA471FE1C76E43C00E7C20A /* Resources */ = {
			isa = PBXResourcesBuildPhase;
			buildActionMask = 2147483647;
			files = (
			);
			runOnlyForDeploymentPostprocessing = 0;
		};
/* End PBXResourcesBuildPhase section */

/* Begin PBXSourcesBuildPhase section */
		2FA471E01C76E43B00E7C20A /* Sources */ = {
			isa = PBXSourcesBuildPhase;
			buildActionMask = 2147483647;
			files = (
				2FA471F01C76E43B00E7C20A /* HypnoNerd.xcdatamodeld in Sources */,
				2FA471ED1C76E43B00E7C20A /* AppDelegate.m in Sources */,
				2FA472181C76E4C200E7C20A /* BNRHypnosisView.m in Sources */,
				2FA472171C76E4C200E7C20A /* BNRItem.m in Sources */,
				2FA472241C76E64F00E7C20A /* BNRReminderViewController.m in Sources */,
				2FA472211C76E50500E7C20A /* BNRHypnosisViewController.m in Sources */,
				2FA471EA1C76E43B00E7C20A /* main.m in Sources */,
			);
			runOnlyForDeploymentPostprocessing = 0;
		};
		2FA471FC1C76E43C00E7C20A /* Sources */ = {
			isa = PBXSourcesBuildPhase;
			buildActionMask = 2147483647;
			files = (
				2FA472071C76E43C00E7C20A /* HypnoNerdTests.m in Sources */,
			);
			runOnlyForDeploymentPostprocessing = 0;
		};
/* End PBXSourcesBuildPhase section */

/* Begin PBXTargetDependency section */
		2FA472021C76E43C00E7C20A /* PBXTargetDependency */ = {
			isa = PBXTargetDependency;
			target = 2FA471E31C76E43B00E7C20A /* HypnoNerd */;
			targetProxy = 2FA472011C76E43C00E7C20A /* PBXContainerItemProxy */;
		};
/* End PBXTargetDependency section */

/* Begin XCBuildConfiguration section */
		2FA472081C76E43C00E7C20A /* Debug */ = {
			isa = XCBuildConfiguration;
			buildSettings = {
				ALWAYS_SEARCH_USER_PATHS = NO;
				CLANG_CXX_LANGUAGE_STANDARD = "gnu++0x";
				CLANG_CXX_LIBRARY = "libc++";
				CLANG_ENABLE_MODULES = YES;
				CLANG_ENABLE_OBJC_ARC = YES;
				CLANG_WARN_BOOL_CONVERSION = YES;
				CLANG_WARN_CONSTANT_CONVERSION = YES;
				CLANG_WARN_DIRECT_OBJC_ISA_USAGE = YES_ERROR;
				CLANG_WARN_EMPTY_BODY = YES;
				CLANG_WARN_ENUM_CONVERSION = YES;
				CLANG_WARN_INT_CONVERSION = YES;
				CLANG_WARN_OBJC_ROOT_CLASS = YES_ERROR;
				CLANG_WARN_UNREACHABLE_CODE = YES;
				CLANG_WARN__DUPLICATE_METHOD_MATCH = YES;
				"CODE_SIGN_IDENTITY[sdk=iphoneos*]" = "iPhone Developer";
				COPY_PHASE_STRIP = NO;
				ENABLE_STRICT_OBJC_MSGSEND = YES;
				GCC_C_LANGUAGE_STANDARD = gnu99;
				GCC_DYNAMIC_NO_PIC = NO;
				GCC_OPTIMIZATION_LEVEL = 0;
				GCC_PREPROCESSOR_DEFINITIONS = (
					"DEBUG=1",
					"$(inherited)",
				);
				GCC_SYMBOLS_PRIVATE_EXTERN = NO;
				GCC_WARN_64_TO_32_BIT_CONVERSION = YES;
				GCC_WARN_ABOUT_RETURN_TYPE = YES_ERROR;
				GCC_WARN_UNDECLARED_SELECTOR = YES;
				GCC_WARN_UNINITIALIZED_AUTOS = YES_AGGRESSIVE;
				GCC_WARN_UNUSED_FUNCTION = YES;
				GCC_WARN_UNUSED_VARIABLE = YES;
				IPHONEOS_DEPLOYMENT_TARGET = 8.1;
				MTL_ENABLE_DEBUG_INFO = YES;
				ONLY_ACTIVE_ARCH = YES;
				SDKROOT = iphoneos;
				TARGETED_DEVICE_FAMILY = 2;
			};
			name = Debug;
		};
		2FA472091C76E43C00E7C20A /* Release */ = {
			isa = XCBuildConfiguration;
			buildSettings = {
				ALWAYS_SEARCH_USER_PATHS = NO;
				CLANG_CXX_LANGUAGE_STANDARD = "gnu++0x";
				CLANG_CXX_LIBRARY = "libc++";
				CLANG_ENABLE_MODULES = YES;
				CLANG_ENABLE_OBJC_ARC = YES;
				CLANG_WARN_BOOL_CONVERSION = YES;
				CLANG_WARN_CONSTANT_CONVERSION = YES;
				CLANG_WARN_DIRECT_OBJC_ISA_USAGE = YES_ERROR;
				CLANG_WARN_EMPTY_BODY = YES;
				CLANG_WARN_ENUM_CONVERSION = YES;
				CLANG_WARN_INT_CONVERSION = YES;
				CLANG_WARN_OBJC_ROOT_CLASS = YES_ERROR;
				CLANG_WARN_UNREACHABLE_CODE = YES;
				CLANG_WARN__DUPLICATE_METHOD_MATCH = YES;
				"CODE_SIGN_IDENTITY[sdk=iphoneos*]" = "iPhone Developer";
				COPY_PHASE_STRIP = YES;
				ENABLE_NS_ASSERTIONS = NO;
				ENABLE_STRICT_OBJC_MSGSEND = YES;
				GCC_C_LANGUAGE_STANDARD = gnu99;
				GCC_WARN_64_TO_32_BIT_CONVERSION = YES;
				GCC_WARN_ABOUT_RETURN_TYPE = YES_ERROR;
				GCC_WARN_UNDECLARED_SELECTOR = YES;
				GCC_WARN_UNINITIALIZED_AUTOS = YES_AGGRESSIVE;
				GCC_WARN_UNUSED_FUNCTION = YES;
				GCC_WARN_UNUSED_VARIABLE = YES;
				IPHONEOS_DEPLOYMENT_TARGET = 8.1;
				MTL_ENABLE_DEBUG_INFO = NO;
				SDKROOT = iphoneos;
				TARGETED_DEVICE_FAMILY = 2;
				VALIDATE_PRODUCT = YES;
			};
			name = Release;
		};
		2FA4720B1C76E43C00E7C20A /* Debug */ = {
			isa = XCBuildConfiguration;
			buildSettings = {
				ASSETCATALOG_COMPILER_APPICON_NAME = AppIcon;
				INFOPLIST_FILE = HypnoNerd/Info.plist;
				IPHONEOS_DEPLOYMENT_TARGET = 8.0;
				LD_RUNPATH_SEARCH_PATHS = "$(inherited) @executable_path/Frameworks";
				PRODUCT_NAME = "$(TARGET_NAME)";
			};
			name = Debug;
		};
		2FA4720C1C76E43C00E7C20A /* Release */ = {
			isa = XCBuildConfiguration;
			buildSettings = {
				ASSETCATALOG_COMPILER_APPICON_NAME = AppIcon;
				INFOPLIST_FILE = HypnoNerd/Info.plist;
				IPHONEOS_DEPLOYMENT_TARGET = 8.0;
				LD_RUNPATH_SEARCH_PATHS = "$(inherited) @executable_path/Frameworks";
				PRODUCT_NAME = "$(TARGET_NAME)";
			};
			name = Release;
		};
		2FA4720E1C76E43C00E7C20A /* Debug */ = {
			isa = XCBuildConfiguration;
			buildSettings = {
				BUNDLE_LOADER = "$(TEST_HOST)";
				FRAMEWORK_SEARCH_PATHS = (
					"$(SDKROOT)/Developer/Library/Frameworks",
					"$(inherited)",
				);
				GCC_PREPROCESSOR_DEFINITIONS = (
					"DEBUG=1",
					"$(inherited)",
				);
				INFOPLIST_FILE = HypnoNerdTests/Info.plist;
				LD_RUNPATH_SEARCH_PATHS = "$(inherited) @executable_path/Frameworks @loader_path/Frameworks";
				PRODUCT_NAME = "$(TARGET_NAME)";
				TEST_HOST = "$(BUILT_PRODUCTS_DIR)/HypnoNerd.app/HypnoNerd";
			};
			name = Debug;
		};
		2FA4720F1C76E43C00E7C20A /* Release */ = {
			isa = XCBuildConfiguration;
			buildSettings = {
				BUNDLE_LOADER = "$(TEST_HOST)";
				FRAMEWORK_SEARCH_PATHS = (
					"$(SDKROOT)/Developer/Library/Frameworks",
					"$(inherited)",
				);
				INFOPLIST_FILE = HypnoNerdTests/Info.plist;
				LD_RUNPATH_SEARCH_PATHS = "$(inherited) @executable_path/Frameworks @loader_path/Frameworks";
				PRODUCT_NAME = "$(TARGET_NAME)";
				TEST_HOST = "$(BUILT_PRODUCTS_DIR)/HypnoNerd.app/HypnoNerd";
			};
			name = Release;
		};
/* End XCBuildConfiguration section */

/* Begin XCConfigurationList section */
		2FA471DF1C76E43B00E7C20A /* Build configuration list for PBXProject "HypnoNerd" */ = {
			isa = XCConfigurationList;
			buildConfigurations = (
				2FA472081C76E43C00E7C20A /* Debug */,
				2FA472091C76E43C00E7C20A /* Release */,
			);
			defaultConfigurationIsVisible = 0;
			defaultConfigurationName = Release;
		};
		2FA4720A1C76E43C00E7C20A /* Build configuration list for PBXNativeTarget "HypnoNerd" */ = {
			isa = XCConfigurationList;
			buildConfigurations = (
				2FA4720B1C76E43C00E7C20A /* Debug */,
				2FA4720C1C76E43C00E7C20A /* Release */,
			);
			defaultConfigurationIsVisible = 0;
			defaultConfigurationName = Release;
		};
		2FA4720D1C76E43C00E7C20A /* Build configuration list for PBXNativeTarget "HypnoNerdTests" */ = {
			isa = XCConfigurationList;
			buildConfigurations = (
				2FA4720E1C76E43C00E7C20A /* Debug */,
				2FA4720F1C76E43C00E7C20A /* Release */,
			);
			defaultConfigurationIsVisible = 0;
			defaultConfigurationName = Release;
		};
/* End XCConfigurationList section */

/* Begin XCVersionGroup section */
		2FA471EE1C76E43B00E7C20A /* HypnoNerd.xcdatamodeld */ = {
			isa = XCVersionGroup;
			children = (
				2FA471EF1C76E43B00E7C20A /* HypnoNerd.xcdatamodel */,
			);
			currentVersion = 2FA471EF1C76E43B00E7C20A /* HypnoNerd.xcdatamodel */;
			path = HypnoNerd.xcdatamodeld;
			sourceTree = "<group>";
			versionGroupType = wrapper.xcdatamodel;
		};
/* End XCVersionGroup section */
	};
	rootObject = 2FA471DC1C76E43B00E7C20A /* Project object */;
}
